
Microsoft Visual Studio Solution File, Format Version 12.00
# Visual Studio 15
VisualStudioVersion = 15.0.27130.2010
MinimumVisualStudioVersion = 10.0.40219.1
Project("{FAE04EC0-301F-11D3-BF4B-00C04F79EFBC}") = "ArgonClient", "ArgonClient\ArgonClient.csproj", "{A175A0E1-C3C8-4002-B812-B5330FF32EF4}"
EndProject
Global
	GlobalSection(SolutionConfigurationPlatforms) = preSolution
		Debug|Any CPU = Debug|Any CPU
		Release|Any CPU = Release|Any CPU
	EndGlobalSection
	GlobalSection(ProjectConfigurationPlatforms) = postSolution
		{A175A0E1-C3C8-4002-B812-B5330FF32EF4}.Debug|Any CPU.ActiveCfg = Debug|Any CPU
		{A175A0E1-C3C8-4002-B812-B5330FF32EF4}.Debug|Any CPU.Build.0 = Debug|Any CPU
		{A175A0E1-C3C8-4002-B812-B5330FF32EF4}.Release|Any CPU.ActiveCfg = Release|Any CPU
		{A175A0E1-C3C8-4002-B812-B5330FF32EF4}.Release|Any CPU.Build.0 = Release|Any CPU
	EndGlobalSection
	GlobalSection(SolutionProperties) = preSolution
		HideSolutionNode = FALSE
	EndGlobalSection
	GlobalSection(ExtensibilityGlobals) = postSolution
		SolutionGuid = {43D602E6-9495-4497-9177-9AD4B4512291}
	EndGlobalSection
EndGlobal
